
Microsoft Visual Studio Solution File, Format Version 12.00
# Visual Studio Version 17
VisualStudioVersion = 17.0.31903.59
MinimumVisualStudioVersion = 10.0.40219.1
Project("{FAE04EC0-301F-11D3-BF4B-00C04F79EFBC}") = "Persistence", "Persistence\Persistence.csproj", "{C456F4E5-4633-40C1-9329-F65B3945C1D3}"
EndProject
Project("{FAE04EC0-301F-11D3-BF4B-00C04F79EFBC}") = "Domain", "Domain\Domain.csproj", "{4EB82FD0-1244-4E2E-877C-DD3AA064ED8E}"
EndProject
Project("{FAE04EC0-301F-11D3-BF4B-00C04F79EFBC}") = "Application", "Application\Application.csproj", "{5C843007-11DB-4021-8D34-527C5CB28322}"
EndProject
Project("{FAE04EC0-301F-11D3-BF4B-00C04F79EFBC}") = "API", "API\API.csproj", "{09C13535-20D3-491E-8808-2668ABF07966}"
EndProject
Global
	GlobalSection(SolutionConfigurationPlatforms) = preSolution
		Debug|Any CPU = Debug|Any CPU
		Release|Any CPU = Release|Any CPU
	EndGlobalSection
	GlobalSection(SolutionProperties) = preSolution
		HideSolutionNode = FALSE
	EndGlobalSection
	GlobalSection(ProjectConfigurationPlatforms) = postSolution
		{C456F4E5-4633-40C1-9329-F65B3945C1D3}.Debug|Any CPU.ActiveCfg = Debug|Any CPU
		{C456F4E5-4633-40C1-9329-F65B3945C1D3}.Debug|Any CPU.Build.0 = Debug|Any CPU
		{C456F4E5-4633-40C1-9329-F65B3945C1D3}.Release|Any CPU.ActiveCfg = Release|Any CPU
		{C456F4E5-4633-40C1-9329-F65B3945C1D3}.Release|Any CPU.Build.0 = Release|Any CPU
		{4EB82FD0-1244-4E2E-877C-DD3AA064ED8E}.Debug|Any CPU.ActiveCfg = Debug|Any CPU
		{4EB82FD0-1244-4E2E-877C-DD3AA064ED8E}.Debug|Any CPU.Build.0 = Debug|Any CPU
		{4EB82FD0-1244-4E2E-877C-DD3AA064ED8E}.Release|Any CPU.ActiveCfg = Release|Any CPU
		{4EB82FD0-1244-4E2E-877C-DD3AA064ED8E}.Release|Any CPU.Build.0 = Release|Any CPU
		{5C843007-11DB-4021-8D34-527C5CB28322}.Debug|Any CPU.ActiveCfg = Debug|Any CPU
		{5C843007-11DB-4021-8D34-527C5CB28322}.Debug|Any CPU.Build.0 = Debug|Any CPU
		{5C843007-11DB-4021-8D34-527C5CB28322}.Release|Any CPU.ActiveCfg = Release|Any CPU
		{5C843007-11DB-4021-8D34-527C5CB28322}.Release|Any CPU.Build.0 = Release|Any CPU
		{09C13535-20D3-491E-8808-2668ABF07966}.Debug|Any CPU.ActiveCfg = Debug|Any CPU
		{09C13535-20D3-491E-8808-2668ABF07966}.Debug|Any CPU.Build.0 = Debug|Any CPU
		{09C13535-20D3-491E-8808-2668ABF07966}.Release|Any CPU.ActiveCfg = Release|Any CPU
		{09C13535-20D3-491E-8808-2668ABF07966}.Release|Any CPU.Build.0 = Release|Any CPU
	EndGlobalSection
EndGlobal
